
Microsoft Visual Studio Solution File, Format Version 12.00
# Visual Studio Version 17
VisualStudioVersion = 17.0.32126.317
MinimumVisualStudioVersion = 10.0.40219.1
Project("{FAE04EC0-301F-11D3-BF4B-00C04F79EFBC}") = "ConsoleWavTracker", "ConsoleWavTracker.csproj", "{F0DBC183-29AC-4F76-BF12-A1E43F60E22F}"
EndProject
Global
	GlobalSection(SolutionConfigurationPlatforms) = preSolution
		Debug|Any CPU = Debug|Any CPU
		Release|Any CPU = Release|Any CPU
	EndGlobalSection
	GlobalSection(ProjectConfigurationPlatforms) = postSolution
		{F0DBC183-29AC-4F76-BF12-A1E43F60E22F}.Debug|Any CPU.ActiveCfg = Debug|Any CPU
		{F0DBC183-29AC-4F76-BF12-A1E43F60E22F}.Debug|Any CPU.Build.0 = Debug|Any CPU
		{F0DBC183-29AC-4F76-BF12-A1E43F60E22F}.Release|Any CPU.ActiveCfg = Release|Any CPU
		{F0DBC183-29AC-4F76-BF12-A1E43F60E22F}.Release|Any CPU.Build.0 = Release|Any CPU
	EndGlobalSection
	GlobalSection(SolutionProperties) = preSolution
		HideSolutionNode = FALSE
	EndGlobalSection
	GlobalSection(ExtensibilityGlobals) = postSolution
		SolutionGuid = {D2B60037-ECF6-4521-84A6-713E5868CBAC}
	EndGlobalSection
EndGlobal
